
Microsoft Visual Studio Solution File, Format Version 12.00
# Visual Studio Version 16
VisualStudioVersion = 16.0.29728.190
MinimumVisualStudioVersion = 10.0.40219.1
Project("{FAE04EC0-301F-11D3-BF4B-00C04F79EFBC}") = "afgangsprojekt", "afgangsproj\afgangsprojekt.csproj", "{1A75647C-A928-46CE-980F-EAD605445100}"
EndProject
Global
	GlobalSection(SolutionConfigurationPlatforms) = preSolution
		Debug|Any CPU = Debug|Any CPU
		Release|Any CPU = Release|Any CPU
	EndGlobalSection
	GlobalSection(ProjectConfigurationPlatforms) = postSolution
		{1A75647C-A928-46CE-980F-EAD605445100}.Debug|Any CPU.ActiveCfg = Debug|Any CPU
		{1A75647C-A928-46CE-980F-EAD605445100}.Debug|Any CPU.Build.0 = Debug|Any CPU
		{1A75647C-A928-46CE-980F-EAD605445100}.Release|Any CPU.ActiveCfg = Release|Any CPU
		{1A75647C-A928-46CE-980F-EAD605445100}.Release|Any CPU.Build.0 = Release|Any CPU
	EndGlobalSection
	GlobalSection(SolutionProperties) = preSolution
		HideSolutionNode = FALSE
	EndGlobalSection
	GlobalSection(ExtensibilityGlobals) = postSolution
		SolutionGuid = {FCD87C1B-6602-4F46-941C-347A64C73E6F}
	EndGlobalSection
EndGlobal
